
Microsoft Visual Studio Solution File, Format Version 12.00
# Visual Studio Version 17
VisualStudioVersion = 17.0.32014.148
MinimumVisualStudioVersion = 10.0.40219.1
Project("{FAE04EC0-301F-11D3-BF4B-00C04F79EFBC}") = "Nova_Eclipse", "Nova_Eclipse\Nova_Eclipse.csproj", "{A147E371-73EA-401F-AA62-DFEBFE6DEA28}"
EndProject
Global
	GlobalSection(SolutionConfigurationPlatforms) = preSolution
		Debug|Any CPU = Debug|Any CPU
		Release|Any CPU = Release|Any CPU
	EndGlobalSection
	GlobalSection(ProjectConfigurationPlatforms) = postSolution
		{A147E371-73EA-401F-AA62-DFEBFE6DEA28}.Debug|Any CPU.ActiveCfg = Debug|Any CPU
		{A147E371-73EA-401F-AA62-DFEBFE6DEA28}.Debug|Any CPU.Build.0 = Debug|Any CPU
		{A147E371-73EA-401F-AA62-DFEBFE6DEA28}.Release|Any CPU.ActiveCfg = Release|Any CPU
		{A147E371-73EA-401F-AA62-DFEBFE6DEA28}.Release|Any CPU.Build.0 = Release|Any CPU
	EndGlobalSection
	GlobalSection(SolutionProperties) = preSolution
		HideSolutionNode = FALSE
	EndGlobalSection
	GlobalSection(ExtensibilityGlobals) = postSolution
		SolutionGuid = {B3A0A5B2-C555-439F-B3D1-3DFA61261E26}
	EndGlobalSection
EndGlobal
